
Microsoft Visual Studio Solution File, Format Version 12.00
# Visual Studio Version 16
VisualStudioVersion = 16.0.30907.101
MinimumVisualStudioVersion = 10.0.40219.1
Project("{FAE04EC0-301F-11D3-BF4B-00C04F79EFBC}") = "e-Bank", "e-Bank\e-Bank.csproj", "{0401B671-6D06-4CAB-8F86-0ACDFA57F4B3}"
EndProject
Global
	GlobalSection(SolutionConfigurationPlatforms) = preSolution
		Debug|Any CPU = Debug|Any CPU
		Release|Any CPU = Release|Any CPU
	EndGlobalSection
	GlobalSection(ProjectConfigurationPlatforms) = postSolution
		{0401B671-6D06-4CAB-8F86-0ACDFA57F4B3}.Debug|Any CPU.ActiveCfg = Debug|Any CPU
		{0401B671-6D06-4CAB-8F86-0ACDFA57F4B3}.Debug|Any CPU.Build.0 = Debug|Any CPU
		{0401B671-6D06-4CAB-8F86-0ACDFA57F4B3}.Release|Any CPU.ActiveCfg = Release|Any CPU
		{0401B671-6D06-4CAB-8F86-0ACDFA57F4B3}.Release|Any CPU.Build.0 = Release|Any CPU
	EndGlobalSection
	GlobalSection(SolutionProperties) = preSolution
		HideSolutionNode = FALSE
	EndGlobalSection
	GlobalSection(ExtensibilityGlobals) = postSolution
		SolutionGuid = {E8AA4795-B020-4A8A-9262-5B511A033960}
	EndGlobalSection
EndGlobal
